// !$*UTF8*$!
{
	archiveVersion = 1;
	classes = {
	};
	objectVersion = 46;
	objects = {

/* Begin PBXBuildFile section */
		EE3FF09A1AB94B05003A528A /* CoreAleetViewManagerVC.m in Sources */ = {isa = PBXBuildFile; fileRef = EE3FF0991AB94B05003A528A /* CoreAleetViewManagerVC.m */; };
		EE94CB471AA598090097E95B /* main.m in Sources */ = {isa = PBXBuildFile; fileRef = EE94CB461AA598090097E95B /* main.m */; };
		EE94CB4A1AA598090097E95B /* AppDelegate.m in Sources */ = {isa = PBXBuildFile; fileRef = EE94CB491AA598090097E95B /* AppDelegate.m */; };
		EE94CB4D1AA598090097E95B /* ViewController.m in Sources */ = {isa = PBXBuildFile; fileRef = EE94CB4C1AA598090097E95B /* ViewController.m */; };
		EE94CB501AA598090097E95B /* Main.storyboard in Resources */ = {isa = PBXBuildFile; fileRef = EE94CB4E1AA598090097E95B /* Main.storyboard */; };
		EE94CB521AA598090097E95B /* Images.xcassets in Resources */ = {isa = PBXBuildFile; fileRef = EE94CB511AA598090097E95B /* Images.xcassets */; };
		EE94CB551AA598090097E95B /* LaunchScreen.xib in Resources */ = {isa = PBXBuildFile; fileRef = EE94CB531AA598090097E95B /* LaunchScreen.xib */; };
		EE94CB611AA5980A0097E95B /* CoreAleetViewTests.m in Sources */ = {isa = PBXBuildFile; fileRef = EE94CB601AA5980A0097E95B /* CoreAleetViewTests.m */; };
/* End PBXBuildFile section */

/* Begin PBXContainerItemProxy section */
		EE94CB5B1AA598090097E95B /* PBXContainerItemProxy */ = {
			isa = PBXContainerItemProxy;
			containerPortal = EE94CB391AA598090097E95B /* Project object */;
			proxyType = 1;
			remoteGlobalIDString = EE94CB401AA598090097E95B;
			remoteInfo = CoreAleetView;
		};
/* End PBXContainerItemProxy section */

/* Begin PBXFileReference section */
		EE3FF0981AB94B05003A528A /* CoreAleetViewManagerVC.h */ = {isa = PBXFileReference; fileEncoding = 4; lastKnownFileType = sourcecode.c.h; path = CoreAleetViewManagerVC.h; sourceTree = "<group>"; };
		EE3FF0991AB94B05003A528A /* CoreAleetViewManagerVC.m */ = {isa = PBXFileReference; fileEncoding = 4; lastKnownFileType = sourcecode.c.objc; path = CoreAleetViewManagerVC.m; sourceTree = "<group>"; };
		EE94CB411AA598090097E95B /* CoreAleetView.app */ = {isa = PBXFileReference; explicitFileType = wrapper.application; includeInIndex = 0; path = CoreAleetView.app; sourceTree = BUILT_PRODUCTS_DIR; };
		EE94CB451AA598090097E95B /* Info.plist */ = {isa = PBXFileReference; lastKnownFileType = text.plist.xml; path = Info.plist; sourceTree = "<group>"; };
		EE94CB461AA598090097E95B /* main.m */ = {isa = PBXFileReference; lastKnownFileType = sourcecode.c.objc; path = main.m; sourceTree = "<group>"; };
		EE94CB481AA598090097E95B /* AppDelegate.h */ = {isa = PBXFileReference; lastKnownFileType = sourcecode.c.h; path = AppDelegate.h; sourceTree = "<group>"; };
		EE94CB491AA598090097E95B /* AppDelegate.m */ = {isa = PBXFileReference; lastKnownFileType = sourcecode.c.objc; path = AppDelegate.m; sourceTree = "<group>"; };
		EE94CB4B1AA598090097E95B /* ViewController.h */ = {isa = PBXFileReference; lastKnownFileType = sourcecode.c.h; path = ViewController.h; sourceTree = "<group>"; };
		EE94CB4C1AA598090097E95B /* ViewController.m */ = {isa = PBXFileReference; lastKnownFileType = sourcecode.c.objc; path = ViewController.m; sourceTree = "<group>"; };
		EE94CB4F1AA598090097E95B /* Base */ = {isa = PBXFileReference; lastKnownFileType = file.storyboard; name = Base; path = Base.lproj/Main.storyboard; sourceTree = "<group>"; };
		EE94CB511AA598090097E95B /* Images.xcassets */ = {isa = PBXFileReference; lastKnownFileType = folder.assetcatalog; path = Images.xcassets; sourceTree = "<group>"; };
		EE94CB541AA598090097E95B /* Base */ = {isa = PBXFileReference; lastKnownFileType = file.xib; name = Base; path = Base.lproj/LaunchScreen.xib; sourceTree = "<group>"; };
		EE94CB5A1AA598090097E95B /* CoreAleetViewTests.xctest */ = {isa = PBXFileReference; explicitFileType = wrapper.cfbundle; includeInIndex = 0; path = CoreAleetViewTests.xctest; sourceTree = BUILT_PRODUCTS_DIR; };
		EE94CB5F1AA598090097E95B /* Info.plist */ = {isa = PBXFileReference; lastKnownFileType = text.plist.xml; path = Info.plist; sourceTree = "<group>"; };
		EE94CB601AA5980A0097E95B /* CoreAleetViewTests.m */ = {isa = PBXFileReference; lastKnownFileType = sourcecode.c.objc; path = CoreAleetViewTests.m; sourceTree = "<group>"; };
/* End PBXFileReference section */

/* Begin PBXFrameworksBuildPhase section */
		EE94CB3E1AA598090097E95B /* Frameworks */ = {
			isa = PBXFrameworksBuildPhase;
			buildActionMask = 2147483647;
			files = (
			);
			runOnlyForDeploymentPostprocessing = 0;
		};
		EE94CB571AA598090097E95B /* Frameworks */ = {
			isa = PBXFrameworksBuildPhase;
			buildActionMask = 2147483647;
			files = (
			);
			runOnlyForDeploymentPostprocessing = 0;
		};
/* End PBXFrameworksBuildPhase section */

/* Begin PBXGroup section */
		EE3FF0971AB94B05003A528A /* CoreAleetViewManagerVC */ = {
			isa = PBXGroup;
			children = (
				EE3FF0981AB94B05003A528A /* CoreAleetViewManagerVC.h */,
				EE3FF0991AB94B05003A528A /* CoreAleetViewManagerVC.m */,
			);
			path = CoreAleetViewManagerVC;
			sourceTree = "<group>";
		};
		EE94CB381AA598090097E95B = {
			isa = PBXGroup;
			children = (
				EE94CB431AA598090097E95B /* CoreAleetView */,
				EE94CB5D1AA598090097E95B /* CoreAleetViewTests */,
				EE94CB421AA598090097E95B /* Products */,
			);
			sourceTree = "<group>";
		};
		EE94CB421AA598090097E95B /* Products */ = {
			isa = PBXGroup;
			children = (
				EE94CB411AA598090097E95B /* CoreAleetView.app */,
				EE94CB5A1AA598090097E95B /* CoreAleetViewTests.xctest */,
			);
			name = Products;
			sourceTree = "<group>";
		};
		EE94CB431AA598090097E95B /* CoreAleetView */ = {
			isa = PBXGroup;
			children = (
				EE3FF0971AB94B05003A528A /* CoreAleetViewManagerVC */,
				EE94CB481AA598090097E95B /* AppDelegate.h */,
				EE94CB491AA598090097E95B /* AppDelegate.m */,
				EE94CB4B1AA598090097E95B /* ViewController.h */,
				EE94CB4C1AA598090097E95B /* ViewController.m */,
				EE94CB4E1AA598090097E95B /* Main.storyboard */,
				EE94CB511AA598090097E95B /* Images.xcassets */,
				EE94CB531AA598090097E95B /* LaunchScreen.xib */,
				EE94CB441AA598090097E95B /* Supporting Files */,
			);
			path = CoreAleetView;
			sourceTree = "<group>";
		};
		EE94CB441AA598090097E95B /* Supporting Files */ = {
			isa = PBXGroup;
			children = (
				EE94CB451AA598090097E95B /* Info.plist */,
				EE94CB461AA598090097E95B /* main.m */,
			);
			name = "Supporting Files";
			sourceTree = "<group>";
		};
		EE94CB5D1AA598090097E95B /* CoreAleetViewTests */ = {
			isa = PBXGroup;
			children = (
				EE94CB601AA5980A0097E95B /* CoreAleetViewTests.m */,
				EE94CB5E1AA598090097E95B /* Supporting Files */,
			);
			path = CoreAleetViewTests;
			sourceTree = "<group>";
		};
		EE94CB5E1AA598090097E95B /* Supporting Files */ = {
			isa = PBXGroup;
			children = (
				EE94CB5F1AA598090097E95B /* Info.plist */,
			);
			name = "Supporting Files";
			sourceTree = "<group>";
		};
/* End PBXGroup section */

/* Begin PBXNativeTarget section */
		EE94CB401AA598090097E95B /* CoreAleetView */ = {
			isa = PBXNativeTarget;
			buildConfigurationList = EE94CB641AA5980A0097E95B /* Build configuration list for PBXNativeTarget "CoreAleetView" */;
			buildPhases = (
				EE94CB3D1AA598090097E95B /* Sources */,
				EE94CB3E1AA598090097E95B /* Frameworks */,
				EE94CB3F1AA598090097E95B /* Resources */,
			);
			buildRules = (
			);
			dependencies = (
			);
			name = CoreAleetView;
			productName = CoreAleetView;
			productReference = EE94CB411AA598090097E95B /* CoreAleetView.app */;
			productType = "com.apple.product-type.application";
		};
		EE94CB591AA598090097E95B /* CoreAleetViewTests */ = {
			isa = PBXNativeTarget;
			buildConfigurationList = EE94CB671AA5980A0097E95B /* Build configuration list for PBXNativeTarget "CoreAleetViewTests" */;
			buildPhases = (
				EE94CB561AA598090097E95B /* Sources */,
				EE94CB571AA598090097E95B /* Frameworks */,
				EE94CB581AA598090097E95B /* Resources */,
			);
			buildRules = (
			);
			dependencies = (
				EE94CB5C1AA598090097E95B /* PBXTargetDependency */,
			);
			name = CoreAleetViewTests;
			productName = CoreAleetViewTests;
			productReference = EE94CB5A1AA598090097E95B /* CoreAleetViewTests.xctest */;
			productType = "com.apple.product-type.bundle.unit-test";
		};
/* End PBXNativeTarget section */

/* Begin PBXProject section */
		EE94CB391AA598090097E95B /* Project object */ = {
			isa = PBXProject;
			attributes = {
				LastUpgradeCheck = 0610;
				ORGANIZATIONNAME = muxi;
				TargetAttributes = {
					EE94CB401AA598090097E95B = {
						CreatedOnToolsVersion = 6.1.1;
					};
					EE94CB591AA598090097E95B = {
						CreatedOnToolsVersion = 6.1.1;
						TestTargetID = EE94CB401AA598090097E95B;
					};
				};
			};
			buildConfigurationList = EE94CB3C1AA598090097E95B /* Build configuration list for PBXProject "CoreAleetView" */;
			compatibilityVersion = "Xcode 3.2";
			developmentRegion = English;
			hasScannedForEncodings = 0;
			knownRegions = (
				en,
				Base,
			);
			mainGroup = EE94CB381AA598090097E95B;
			productRefGroup = EE94CB421AA598090097E95B /* Products */;
			projectDirPath = "";
			projectRoot = "";
			targets = (
				EE94CB401AA598090097E95B /* CoreAleetView */,
				EE94CB591AA598090097E95B /* CoreAleetViewTests */,
			);
		};
/* End PBXProject section */

/* Begin PBXResourcesBuildPhase section */
		EE94CB3F1AA598090097E95B /* Resources */ = {
			isa = PBXResourcesBuildPhase;
			buildActionMask = 2147483647;
			files = (
				EE94CB501AA598090097E95B /* Main.storyboard in Resources */,
				EE94CB551AA598090097E95B /* LaunchScreen.xib in Resources */,
				EE94CB521AA598090097E95B /* Images.xcassets in Resources */,
			);
			runOnlyForDeploymentPostprocessing = 0;
		};
		EE94CB581AA598090097E95B /* Resources */ = {
			isa = PBXResourcesBuildPhase;
			buildActionMask = 2147483647;
			files = (
			);
			runOnlyForDeploymentPostprocessing = 0;
		};
/* End PBXResourcesBuildPhase section */

/* Begin PBXSourcesBuildPhase section */
		EE94CB3D1AA598090097E95B /* Sources */ = {
			isa = PBXSourcesBuildPhase;
			buildActionMask = 2147483647;
			files = (
				EE94CB4D1AA598090097E95B /* ViewController.m in Sources */,
				EE94CB4A1AA598090097E95B /* AppDelegate.m in Sources */,
				EE3FF09A1AB94B05003A528A /* CoreAleetViewManagerVC.m in Sources */,
				EE94CB471AA598090097E95B /* main.m in Sources */,
			);
			runOnlyForDeploymentPostprocessing = 0;
		};
		EE94CB561AA598090097E95B /* Sources */ = {
			isa = PBXSourcesBuildPhase;
			buildActionMask = 2147483647;
			files = (
				EE94CB611AA5980A0097E95B /* CoreAleetViewTests.m in Sources */,
			);
			runOnlyForDeploymentPostprocessing = 0;
		};
/* End PBXSourcesBuildPhase section */

/* Begin PBXTargetDependency section */
		EE94CB5C1AA598090097E95B /* PBXTargetDependency */ = {
			isa = PBXTargetDependency;
			target = EE94CB401AA598090097E95B /* CoreAleetView */;
			targetProxy = EE94CB5B1AA598090097E95B /* PBXContainerItemProxy */;
		};
/* End PBXTargetDependency section */

/* Begin PBXVariantGroup section */
		EE94CB4E1AA598090097E95B /* Main.storyboard */ = {
			isa = PBXVariantGroup;
			children = (
				EE94CB4F1AA598090097E95B /* Base */,
			);
			name = Main.storyboard;
			sourceTree = "<group>";
		};
		EE94CB531AA598090097E95B /* LaunchScreen.xib */ = {
			isa = PBXVariantGroup;
			children = (
				EE94CB541AA598090097E95B /* Base */,
			);
			name = LaunchScreen.xib;
			sourceTree = "<group>";
		};
/* End PBXVariantGroup section */

/* Begin XCBuildConfiguration section */
		EE94CB621AA5980A0097E95B /* Debug */ = {
			isa = XCBuildConfiguration;
			buildSettings = {
				ALWAYS_SEARCH_USER_PATHS = NO;
				CLANG_CXX_LANGUAGE_STANDARD = "gnu++0x";
				CLANG_CXX_LIBRARY = "libc++";
				CLANG_ENABLE_MODULES = YES;
				CLANG_ENABLE_OBJC_ARC = YES;
				CLANG_WARN_BOOL_CONVERSION = YES;
				CLANG_WARN_CONSTANT_CONVERSION = YES;
				CLANG_WARN_DIRECT_OBJC_ISA_USAGE = YES_ERROR;
				CLANG_WARN_EMPTY_BODY = YES;
				CLANG_WARN_ENUM_CONVERSION = YES;
				CLANG_WARN_INT_CONVERSION = YES;
				CLANG_WARN_OBJC_ROOT_CLASS = YES_ERROR;
				CLANG_WARN_UNREACHABLE_CODE = YES;
				CLANG_WARN__DUPLICATE_METHOD_MATCH = YES;
				"CODE_SIGN_IDENTITY[sdk=iphoneos*]" = "iPhone Developer";
				COPY_PHASE_STRIP = NO;
				ENABLE_STRICT_OBJC_MSGSEND = YES;
				GCC_C_LANGUAGE_STANDARD = gnu99;
				GCC_DYNAMIC_NO_PIC = NO;
				GCC_OPTIMIZATION_LEVEL = 0;
				GCC_PREPROCESSOR_DEFINITIONS = (
					"DEBUG=1",
					"$(inherited)",
				);
				GCC_SYMBOLS_PRIVATE_EXTERN = NO;
				GCC_WARN_64_TO_32_BIT_CONVERSION = YES;
				GCC_WARN_ABOUT_RETURN_TYPE = YES_ERROR;
				GCC_WARN_UNDECLARED_SELECTOR = YES;
				GCC_WARN_UNINITIALIZED_AUTOS = YES_AGGRESSIVE;
				GCC_WARN_UNUSED_FUNCTION = YES;
				GCC_WARN_UNUSED_VARIABLE = YES;
				IPHONEOS_DEPLOYMENT_TARGET = 8.1;
				MTL_ENABLE_DEBUG_INFO = YES;
				ONLY_ACTIVE_ARCH = YES;
				SDKROOT = iphoneos;
			};
			name = Debug;
		};
		EE94CB631AA5980A0097E95B /* Release */ = {
			isa = XCBuildConfiguration;
			buildSettings = {
				ALWAYS_SEARCH_USER_PATHS = NO;
				CLANG_CXX_LANGUAGE_STANDARD = "gnu++0x";
				CLANG_CXX_LIBRARY = "libc++";
				CLANG_ENABLE_MODULES = YES;
				CLANG_ENABLE_OBJC_ARC = YES;
				CLANG_WARN_BOOL_CONVERSION = YES;
				CLANG_WARN_CONSTANT_CONVERSION = YES;
				CLANG_WARN_DIRECT_OBJC_ISA_USAGE = YES_ERROR;
				CLANG_WARN_EMPTY_BODY = YES;
				CLANG_WARN_ENUM_CONVERSION = YES;
				CLANG_WARN_INT_CONVERSION = YES;
				CLANG_WARN_OBJC_ROOT_CLASS = YES_ERROR;
				CLANG_WARN_UNREACHABLE_CODE = YES;
				CLANG_WARN__DUPLICATE_METHOD_MATCH = YES;
				"CODE_SIGN_IDENTITY[sdk=iphoneos*]" = "iPhone Developer";
				COPY_PHASE_STRIP = YES;
				ENABLE_NS_ASSERTIONS = NO;
				ENABLE_STRICT_OBJC_MSGSEND = YES;
				GCC_C_LANGUAGE_STANDARD = gnu99;
				GCC_WARN_64_TO_32_BIT_CONVERSION = YES;
				GCC_WARN_ABOUT_RETURN_TYPE = YES_ERROR;
				GCC_WARN_UNDECLARED_SELECTOR = YES;
				GCC_WARN_UNINITIALIZED_AUTOS = YES_AGGRESSIVE;
				GCC_WARN_UNUSED_FUNCTION = YES;
				GCC_WARN_UNUSED_VARIABLE = YES;
				IPHONEOS_DEPLOYMENT_TARGET = 8.1;
				MTL_ENABLE_DEBUG_INFO = NO;
				SDKROOT = iphoneos;
				VALIDATE_PRODUCT = YES;
			};
			name = Release;
		};
		EE94CB651AA5980A0097E95B /* Debug */ = {
			isa = XCBuildConfiguration;
			buildSettings = {
				ASSETCATALOG_COMPILER_APPICON_NAME = AppIcon;
				INFOPLIST_FILE = CoreAleetView/Info.plist;
				IPHONEOS_DEPLOYMENT_TARGET = 6.0;
				LD_RUNPATH_SEARCH_PATHS = "$(inherited) @executable_path/Frameworks";
				PRODUCT_NAME = "$(TARGET_NAME)";
			};
			name = Debug;
		};
		EE94CB661AA5980A0097E95B /* Release */ = {
			isa = XCBuildConfiguration;
			buildSettings = {
				ASSETCATALOG_COMPILER_APPICON_NAME = AppIcon;
				INFOPLIST_FILE = CoreAleetView/Info.plist;
				IPHONEOS_DEPLOYMENT_TARGET = 6.0;
				LD_RUNPATH_SEARCH_PATHS = "$(inherited) @executable_path/Frameworks";
				PRODUCT_NAME = "$(TARGET_NAME)";
			};
			name = Release;
		};
		EE94CB681AA5980A0097E95B /* Debug */ = {
			isa = XCBuildConfiguration;
			buildSettings = {
				BUNDLE_LOADER = "$(TEST_HOST)";
				FRAMEWORK_SEARCH_PATHS = (
					"$(SDKROOT)/Developer/Library/Frameworks",
					"$(inherited)",
				);
				GCC_PREPROCESSOR_DEFINITIONS = (
					"DEBUG=1",
					"$(inherited)",
				);
				INFOPLIST_FILE = CoreAleetViewTests/Info.plist;
				LD_RUNPATH_SEARCH_PATHS = "$(inherited) @executable_path/Frameworks @loader_path/Frameworks";
				PRODUCT_NAME = "$(TARGET_NAME)";
				TEST_HOST = "$(BUILT_PRODUCTS_DIR)/CoreAleetView.app/CoreAleetView";
			};
			name = Debug;
		};
		EE94CB691AA5980A0097E95B /* Release */ = {
			isa = XCBuildConfiguration;
			buildSettings = {
				BUNDLE_LOADER = "$(TEST_HOST)";
				FRAMEWORK_SEARCH_PATHS = (
					"$(SDKROOT)/Developer/Library/Frameworks",
					"$(inherited)",
				);
				INFOPLIST_FILE = CoreAleetViewTests/Info.plist;
				LD_RUNPATH_SEARCH_PATHS = "$(inherited) @executable_path/Frameworks @loader_path/Frameworks";
				PRODUCT_NAME = "$(TARGET_NAME)";
				TEST_HOST = "$(BUILT_PRODUCTS_DIR)/CoreAleetView.app/CoreAleetView";
			};
			name = Release;
		};
/* End XCBuildConfiguration section */

/* Begin XCConfigurationList section */
		EE94CB3C1AA598090097E95B /* Build configuration list for PBXProject "CoreAleetView" */ = {
			isa = XCConfigurationList;
			buildConfigurations = (
				EE94CB621AA5980A0097E95B /* Debug */,
				EE94CB631AA5980A0097E95B /* Release */,
			);
			defaultConfigurationIsVisible = 0;
			defaultConfigurationName = Release;
		};
		EE94CB641AA5980A0097E95B /* Build configuration list for PBXNativeTarget "CoreAleetView" */ = {
			isa = XCConfigurationList;
			buildConfigurations = (
				EE94CB651AA5980A0097E95B /* Debug */,
				EE94CB661AA5980A0097E95B /* Release */,
			);
			defaultConfigurationIsVisible = 0;
			defaultConfigurationName = Release;
		};
		EE94CB671AA5980A0097E95B /* Build configuration list for PBXNativeTarget "CoreAleetViewTests" */ = {
			isa = XCConfigurationList;
			buildConfigurations = (
				EE94CB681AA5980A0097E95B /* Debug */,
				EE94CB691AA5980A0097E95B /* Release */,
			);
			defaultConfigurationIsVisible = 0;
			defaultConfigurationName = Release;
		};
/* End XCConfigurationList section */
	};
	rootObject = EE94CB391AA598090097E95B /* Project object */;
}
